
Microsoft Visual Studio Solution File, Format Version 12.00
# Visual Studio Version 17
VisualStudioVersion = 17.8.34322.80
MinimumVisualStudioVersion = 10.0.40219.1
Project("{FAE04EC0-301F-11D3-BF4B-00C04F79EFBC}") = "EngineLedSample001", "EngineLedSample001\EngineLedSample001.csproj", "{B448B3F7-F994-410F-8158-23DF5E27E481}"
EndProject
Global
	GlobalSection(SolutionConfigurationPlatforms) = preSolution
		Debug|Any CPU = Debug|Any CPU
		Release|Any CPU = Release|Any CPU
	EndGlobalSection
	GlobalSection(ProjectConfigurationPlatforms) = postSolution
		{B448B3F7-F994-410F-8158-23DF5E27E481}.Debug|Any CPU.ActiveCfg = Debug|Any CPU
		{B448B3F7-F994-410F-8158-23DF5E27E481}.Debug|Any CPU.Build.0 = Debug|Any CPU
		{B448B3F7-F994-410F-8158-23DF5E27E481}.Release|Any CPU.ActiveCfg = Release|Any CPU
		{B448B3F7-F994-410F-8158-23DF5E27E481}.Release|Any CPU.Build.0 = Release|Any CPU
	EndGlobalSection
	GlobalSection(SolutionProperties) = preSolution
		HideSolutionNode = FALSE
	EndGlobalSection
	GlobalSection(ExtensibilityGlobals) = postSolution
		SolutionGuid = {58345CF4-C990-4163-93DE-B2910C646B35}
	EndGlobalSection
EndGlobal
